
Microsoft Visual Studio Solution File, Format Version 11.00
# Visual C# Express 2010
Project("{FAE04EC0-301F-11D3-BF4B-00C04F79EFBC}") = "7Log", "7Log\7Log.csproj", "{1ECD4B28-DC7A-4867-A430-D886E08C9EF5}"
EndProject
Global
	GlobalSection(SolutionConfigurationPlatforms) = preSolution
		Debug|x86 = Debug|x86
		Release|x86 = Release|x86
	EndGlobalSection
	GlobalSection(ProjectConfigurationPlatforms) = postSolution
		{1ECD4B28-DC7A-4867-A430-D886E08C9EF5}.Debug|x86.ActiveCfg = Debug|x86
		{1ECD4B28-DC7A-4867-A430-D886E08C9EF5}.Debug|x86.Build.0 = Debug|x86
		{1ECD4B28-DC7A-4867-A430-D886E08C9EF5}.Release|x86.ActiveCfg = Release|x86
		{1ECD4B28-DC7A-4867-A430-D886E08C9EF5}.Release|x86.Build.0 = Release|x86
	EndGlobalSection
	GlobalSection(SolutionProperties) = preSolution
		HideSolutionNode = FALSE
	EndGlobalSection
EndGlobal
